
Microsoft Visual Studio Solution File, Format Version 12.00
# Visual Studio Version 17
VisualStudioVersion = 17.14.36203.30
MinimumVisualStudioVersion = 10.0.40219.1
Project("{FAE04EC0-301F-11D3-BF4B-00C04F79EFBC}") = "Api", "Api\Api.csproj", "{99D91899-FD51-470C-B7B0-7534A0027C70}"
EndProject
Project("{FAE04EC0-301F-11D3-BF4B-00C04F79EFBC}") = "Domain", "Domain\Domain.csproj", "{7D01C031-B9DA-48F9-A1B0-5D66538CD567}"
EndProject
Project("{FAE04EC0-301F-11D3-BF4B-00C04F79EFBC}") = "Infrastructure", "Infrastructure\Infrastructure.csproj", "{C30F223A-F339-4B7E-A41E-B070E9F4574F}"
EndProject
Project("{FAE04EC0-301F-11D3-BF4B-00C04F79EFBC}") = "Application", "Application\Application.csproj", "{1B5BF206-6710-49C8-A33F-257785141AD9}"
EndProject
Global
	GlobalSection(SolutionConfigurationPlatforms) = preSolution
		Debug|Any CPU = Debug|Any CPU
		Release|Any CPU = Release|Any CPU
	EndGlobalSection
	GlobalSection(ProjectConfigurationPlatforms) = postSolution
		{99D91899-FD51-470C-B7B0-7534A0027C70}.Debug|Any CPU.ActiveCfg = Debug|Any CPU
		{99D91899-FD51-470C-B7B0-7534A0027C70}.Debug|Any CPU.Build.0 = Debug|Any CPU
		{99D91899-FD51-470C-B7B0-7534A0027C70}.Release|Any CPU.ActiveCfg = Release|Any CPU
		{99D91899-FD51-470C-B7B0-7534A0027C70}.Release|Any CPU.Build.0 = Release|Any CPU
		{7D01C031-B9DA-48F9-A1B0-5D66538CD567}.Debug|Any CPU.ActiveCfg = Debug|Any CPU
		{7D01C031-B9DA-48F9-A1B0-5D66538CD567}.Debug|Any CPU.Build.0 = Debug|Any CPU
		{7D01C031-B9DA-48F9-A1B0-5D66538CD567}.Release|Any CPU.ActiveCfg = Release|Any CPU
		{7D01C031-B9DA-48F9-A1B0-5D66538CD567}.Release|Any CPU.Build.0 = Release|Any CPU
		{C30F223A-F339-4B7E-A41E-B070E9F4574F}.Debug|Any CPU.ActiveCfg = Debug|Any CPU
		{C30F223A-F339-4B7E-A41E-B070E9F4574F}.Debug|Any CPU.Build.0 = Debug|Any CPU
		{C30F223A-F339-4B7E-A41E-B070E9F4574F}.Release|Any CPU.ActiveCfg = Release|Any CPU
		{C30F223A-F339-4B7E-A41E-B070E9F4574F}.Release|Any CPU.Build.0 = Release|Any CPU
		{1B5BF206-6710-49C8-A33F-257785141AD9}.Debug|Any CPU.ActiveCfg = Debug|Any CPU
		{1B5BF206-6710-49C8-A33F-257785141AD9}.Debug|Any CPU.Build.0 = Debug|Any CPU
		{1B5BF206-6710-49C8-A33F-257785141AD9}.Release|Any CPU.ActiveCfg = Release|Any CPU
		{1B5BF206-6710-49C8-A33F-257785141AD9}.Release|Any CPU.Build.0 = Release|Any CPU
	EndGlobalSection
	GlobalSection(SolutionProperties) = preSolution
		HideSolutionNode = FALSE
	EndGlobalSection
	GlobalSection(ExtensibilityGlobals) = postSolution
		SolutionGuid = {F3B3F9F5-0303-463B-AA2F-3D1CB9A54E12}
	EndGlobalSection
EndGlobal
